
Microsoft Visual Studio Solution File, Format Version 12.00
# Visual Studio Version 17
VisualStudioVersion = 17.3.32922.545
MinimumVisualStudioVersion = 10.0.40219.1
Project("{FAE04EC0-301F-11D3-BF4B-00C04F79EFBC}") = "Metotlar", "Metotlar\Metotlar.csproj", "{1EB6BF05-1F04-4490-8A1F-AFFB8AA2E619}"
EndProject
Project("{FAE04EC0-301F-11D3-BF4B-00C04F79EFBC}") = "ParametliMethod", "ParametliMethod\ParametliMethod.csproj", "{141BB4C7-14EA-430D-B3A6-C9377FBDD822}"
EndProject
Global
	GlobalSection(SolutionConfigurationPlatforms) = preSolution
		Debug|Any CPU = Debug|Any CPU
		Release|Any CPU = Release|Any CPU
	EndGlobalSection
	GlobalSection(ProjectConfigurationPlatforms) = postSolution
		{1EB6BF05-1F04-4490-8A1F-AFFB8AA2E619}.Debug|Any CPU.ActiveCfg = Debug|Any CPU
		{1EB6BF05-1F04-4490-8A1F-AFFB8AA2E619}.Debug|Any CPU.Build.0 = Debug|Any CPU
		{1EB6BF05-1F04-4490-8A1F-AFFB8AA2E619}.Release|Any CPU.ActiveCfg = Release|Any CPU
		{1EB6BF05-1F04-4490-8A1F-AFFB8AA2E619}.Release|Any CPU.Build.0 = Release|Any CPU
		{141BB4C7-14EA-430D-B3A6-C9377FBDD822}.Debug|Any CPU.ActiveCfg = Debug|Any CPU
		{141BB4C7-14EA-430D-B3A6-C9377FBDD822}.Debug|Any CPU.Build.0 = Debug|Any CPU
		{141BB4C7-14EA-430D-B3A6-C9377FBDD822}.Release|Any CPU.ActiveCfg = Release|Any CPU
		{141BB4C7-14EA-430D-B3A6-C9377FBDD822}.Release|Any CPU.Build.0 = Release|Any CPU
	EndGlobalSection
	GlobalSection(SolutionProperties) = preSolution
		HideSolutionNode = FALSE
	EndGlobalSection
	GlobalSection(ExtensibilityGlobals) = postSolution
		SolutionGuid = {C547EAB2-391E-4678-9DEE-F4C3F5F1D706}
	EndGlobalSection
EndGlobal
